
Microsoft Visual Studio Solution File, Format Version 12.00
# Visual Studio 15
VisualStudioVersion = 15.0.26730.16
MinimumVisualStudioVersion = 10.0.40219.1
Project("{FAE04EC0-301F-11D3-BF4B-00C04F79EFBC}") = "Game1", "Game1\Game1.csproj", "{478C4B94-E1BE-4628-A8BA-8F685B14E186}"
EndProject
Project("{FAE04EC0-301F-11D3-BF4B-00C04F79EFBC}") = "LilyPath", "..\..\LilyPath\LilyPath\LilyPath.csproj", "{2921C80E-2B58-41C4-B834-B92A478C3631}"
EndProject
Global
	GlobalSection(SolutionConfigurationPlatforms) = preSolution
		Debug|Any CPU = Debug|Any CPU
		Release|Any CPU = Release|Any CPU
	EndGlobalSection
	GlobalSection(ProjectConfigurationPlatforms) = postSolution
		{478C4B94-E1BE-4628-A8BA-8F685B14E186}.Debug|Any CPU.ActiveCfg = Debug|Any CPU
		{478C4B94-E1BE-4628-A8BA-8F685B14E186}.Debug|Any CPU.Build.0 = Debug|Any CPU
		{478C4B94-E1BE-4628-A8BA-8F685B14E186}.Release|Any CPU.ActiveCfg = Release|Any CPU
		{478C4B94-E1BE-4628-A8BA-8F685B14E186}.Release|Any CPU.Build.0 = Release|Any CPU
		{2921C80E-2B58-41C4-B834-B92A478C3631}.Debug|Any CPU.ActiveCfg = Debug|Any CPU
		{2921C80E-2B58-41C4-B834-B92A478C3631}.Debug|Any CPU.Build.0 = Debug|Any CPU
		{2921C80E-2B58-41C4-B834-B92A478C3631}.Release|Any CPU.ActiveCfg = Release|Any CPU
		{2921C80E-2B58-41C4-B834-B92A478C3631}.Release|Any CPU.Build.0 = Release|Any CPU
	EndGlobalSection
	GlobalSection(SolutionProperties) = preSolution
		HideSolutionNode = FALSE
	EndGlobalSection
	GlobalSection(ExtensibilityGlobals) = postSolution
		SolutionGuid = {37079B94-9B4D-49A7-A142-903F088F6225}
	EndGlobalSection
EndGlobal
